
Microsoft Visual Studio Solution File, Format Version 12.00
# Visual Studio Version 16
VisualStudioVersion = 16.0.31702.278
MinimumVisualStudioVersion = 10.0.40219.1
Project("{FAE04EC0-301F-11D3-BF4B-00C04F79EFBC}") = "xf003.Android", "xf003\xf003.Android\xf003.Android.csproj", "{A53A296B-AA68-44EF-8DAC-BED6702F0CBD}"
EndProject
Project("{FAE04EC0-301F-11D3-BF4B-00C04F79EFBC}") = "xf003.iOS", "xf003\xf003.iOS\xf003.iOS.csproj", "{19D43587-9332-4711-9DAC-51105CA837EE}"
EndProject
Project("{FAE04EC0-301F-11D3-BF4B-00C04F79EFBC}") = "xf003", "xf003\xf003\xf003.csproj", "{36C64000-8575-40F8-AFE7-6CD0A8691584}"
EndProject
Global
	GlobalSection(SolutionConfigurationPlatforms) = preSolution
		Debug|Any CPU = Debug|Any CPU
		Debug|iPhone = Debug|iPhone
		Debug|iPhoneSimulator = Debug|iPhoneSimulator
		Release|Any CPU = Release|Any CPU
		Release|iPhone = Release|iPhone
		Release|iPhoneSimulator = Release|iPhoneSimulator
	EndGlobalSection
	GlobalSection(ProjectConfigurationPlatforms) = postSolution
		{A53A296B-AA68-44EF-8DAC-BED6702F0CBD}.Debug|Any CPU.ActiveCfg = Debug|Any CPU
		{A53A296B-AA68-44EF-8DAC-BED6702F0CBD}.Debug|Any CPU.Build.0 = Debug|Any CPU
		{A53A296B-AA68-44EF-8DAC-BED6702F0CBD}.Debug|Any CPU.Deploy.0 = Debug|Any CPU
		{A53A296B-AA68-44EF-8DAC-BED6702F0CBD}.Debug|iPhone.ActiveCfg = Debug|Any CPU
		{A53A296B-AA68-44EF-8DAC-BED6702F0CBD}.Debug|iPhone.Build.0 = Debug|Any CPU
		{A53A296B-AA68-44EF-8DAC-BED6702F0CBD}.Debug|iPhone.Deploy.0 = Debug|Any CPU
		{A53A296B-AA68-44EF-8DAC-BED6702F0CBD}.Debug|iPhoneSimulator.ActiveCfg = Debug|Any CPU
		{A53A296B-AA68-44EF-8DAC-BED6702F0CBD}.Debug|iPhoneSimulator.Build.0 = Debug|Any CPU
		{A53A296B-AA68-44EF-8DAC-BED6702F0CBD}.Debug|iPhoneSimulator.Deploy.0 = Debug|Any CPU
		{A53A296B-AA68-44EF-8DAC-BED6702F0CBD}.Release|Any CPU.ActiveCfg = Release|Any CPU
		{A53A296B-AA68-44EF-8DAC-BED6702F0CBD}.Release|Any CPU.Build.0 = Release|Any CPU
		{A53A296B-AA68-44EF-8DAC-BED6702F0CBD}.Release|Any CPU.Deploy.0 = Release|Any CPU
		{A53A296B-AA68-44EF-8DAC-BED6702F0CBD}.Release|iPhone.ActiveCfg = Release|Any CPU
		{A53A296B-AA68-44EF-8DAC-BED6702F0CBD}.Release|iPhone.Build.0 = Release|Any CPU
		{A53A296B-AA68-44EF-8DAC-BED6702F0CBD}.Release|iPhone.Deploy.0 = Release|Any CPU
		{A53A296B-AA68-44EF-8DAC-BED6702F0CBD}.Release|iPhoneSimulator.ActiveCfg = Release|Any CPU
		{A53A296B-AA68-44EF-8DAC-BED6702F0CBD}.Release|iPhoneSimulator.Build.0 = Release|Any CPU
		{A53A296B-AA68-44EF-8DAC-BED6702F0CBD}.Release|iPhoneSimulator.Deploy.0 = Release|Any CPU
		{19D43587-9332-4711-9DAC-51105CA837EE}.Debug|Any CPU.ActiveCfg = Debug|iPhone
		{19D43587-9332-4711-9DAC-51105CA837EE}.Debug|Any CPU.Build.0 = Debug|iPhone
		{19D43587-9332-4711-9DAC-51105CA837EE}.Debug|Any CPU.Deploy.0 = Debug|iPhone
		{19D43587-9332-4711-9DAC-51105CA837EE}.Debug|iPhone.ActiveCfg = Debug|iPhone
		{19D43587-9332-4711-9DAC-51105CA837EE}.Debug|iPhone.Build.0 = Debug|iPhone
		{19D43587-9332-4711-9DAC-51105CA837EE}.Debug|iPhone.Deploy.0 = Debug|iPhone
		{19D43587-9332-4711-9DAC-51105CA837EE}.Debug|iPhoneSimulator.ActiveCfg = Debug|iPhoneSimulator
		{19D43587-9332-4711-9DAC-51105CA837EE}.Debug|iPhoneSimulator.Build.0 = Debug|iPhoneSimulator
		{19D43587-9332-4711-9DAC-51105CA837EE}.Debug|iPhoneSimulator.Deploy.0 = Debug|iPhoneSimulator
		{19D43587-9332-4711-9DAC-51105CA837EE}.Release|Any CPU.ActiveCfg = Release|iPhoneSimulator
		{19D43587-9332-4711-9DAC-51105CA837EE}.Release|Any CPU.Build.0 = Release|iPhoneSimulator
		{19D43587-9332-4711-9DAC-51105CA837EE}.Release|Any CPU.Deploy.0 = Release|iPhoneSimulator
		{19D43587-9332-4711-9DAC-51105CA837EE}.Release|iPhone.ActiveCfg = Release|iPhone
		{19D43587-9332-4711-9DAC-51105CA837EE}.Release|iPhone.Build.0 = Release|iPhone
		{19D43587-9332-4711-9DAC-51105CA837EE}.Release|iPhone.Deploy.0 = Release|iPhone
		{19D43587-9332-4711-9DAC-51105CA837EE}.Release|iPhoneSimulator.ActiveCfg = Release|iPhoneSimulator
		{19D43587-9332-4711-9DAC-51105CA837EE}.Release|iPhoneSimulator.Build.0 = Release|iPhoneSimulator
		{19D43587-9332-4711-9DAC-51105CA837EE}.Release|iPhoneSimulator.Deploy.0 = Release|iPhoneSimulator
		{36C64000-8575-40F8-AFE7-6CD0A8691584}.Debug|Any CPU.ActiveCfg = Debug|Any CPU
		{36C64000-8575-40F8-AFE7-6CD0A8691584}.Debug|Any CPU.Build.0 = Debug|Any CPU
		{36C64000-8575-40F8-AFE7-6CD0A8691584}.Debug|Any CPU.Deploy.0 = Debug|Any CPU
		{36C64000-8575-40F8-AFE7-6CD0A8691584}.Debug|iPhone.ActiveCfg = Debug|Any CPU
		{36C64000-8575-40F8-AFE7-6CD0A8691584}.Debug|iPhone.Build.0 = Debug|Any CPU
		{36C64000-8575-40F8-AFE7-6CD0A8691584}.Debug|iPhone.Deploy.0 = Debug|Any CPU
		{36C64000-8575-40F8-AFE7-6CD0A8691584}.Debug|iPhoneSimulator.ActiveCfg = Debug|Any CPU
		{36C64000-8575-40F8-AFE7-6CD0A8691584}.Debug|iPhoneSimulator.Build.0 = Debug|Any CPU
		{36C64000-8575-40F8-AFE7-6CD0A8691584}.Debug|iPhoneSimulator.Deploy.0 = Debug|Any CPU
		{36C64000-8575-40F8-AFE7-6CD0A8691584}.Release|Any CPU.ActiveCfg = Release|Any CPU
		{36C64000-8575-40F8-AFE7-6CD0A8691584}.Release|Any CPU.Build.0 = Release|Any CPU
		{36C64000-8575-40F8-AFE7-6CD0A8691584}.Release|Any CPU.Deploy.0 = Release|Any CPU
		{36C64000-8575-40F8-AFE7-6CD0A8691584}.Release|iPhone.ActiveCfg = Release|Any CPU
		{36C64000-8575-40F8-AFE7-6CD0A8691584}.Release|iPhone.Build.0 = Release|Any CPU
		{36C64000-8575-40F8-AFE7-6CD0A8691584}.Release|iPhone.Deploy.0 = Release|Any CPU
		{36C64000-8575-40F8-AFE7-6CD0A8691584}.Release|iPhoneSimulator.ActiveCfg = Release|Any CPU
		{36C64000-8575-40F8-AFE7-6CD0A8691584}.Release|iPhoneSimulator.Build.0 = Release|Any CPU
		{36C64000-8575-40F8-AFE7-6CD0A8691584}.Release|iPhoneSimulator.Deploy.0 = Release|Any CPU
	EndGlobalSection
	GlobalSection(SolutionProperties) = preSolution
		HideSolutionNode = FALSE
	EndGlobalSection
	GlobalSection(ExtensibilityGlobals) = postSolution
		SolutionGuid = {A7F292E4-F8E8-4039-87A0-3216A390F2B8}
	EndGlobalSection
EndGlobal
